
Microsoft Visual Studio Solution File, Format Version 12.00
# Visual Studio 15
Project("{FAE04EC0-301F-11D3-BF4B-00C04F79EFBC}") = "01_GreatestCommonDivisor", "01_GreatestCommonDivisor\01_GreatestCommonDivisor.csproj", "{B3027505-CC48-4817-9ACB-B76FA1346655}"
EndProject
Project("{FAE04EC0-301F-11D3-BF4B-00C04F79EFBC}") = "02_OldBooks", "02_OldBooks\02_OldBooks.csproj", "{EDFA755E-7159-4C17-998A-AF841B71B072}"
EndProject
Project("{FAE04EC0-301F-11D3-BF4B-00C04F79EFBC}") = "03_ExamPreparation.cs", "03_ExamPreparation\03_ExamPreparation.cs.csproj", "{392DC93D-AFCC-4977-9049-CCA0259271E4}"
EndProject
Project("{FAE04EC0-301F-11D3-BF4B-00C04F79EFBC}") = "04_Vacation", "04_Vacation\04_Vacation.csproj", "{7445F6A4-E15A-45FB-9975-7AFAB1240548}"
EndProject
Project("{FAE04EC0-301F-11D3-BF4B-00C04F79EFBC}") = "05_Coins", "05_Coins\05_Coins.csproj", "{63CB4EEB-D77A-4B6D-BF04-1A65F5F02DD8}"
EndProject
Project("{FAE04EC0-301F-11D3-BF4B-00C04F79EFBC}") = "06_Cake", "06_Cake\06_Cake.csproj", "{9C71CC8F-86B8-4FCE-8825-7093020321FB}"
EndProject
Global
	GlobalSection(SolutionConfigurationPlatforms) = preSolution
		Debug|x86 = Debug|x86
		Release|x86 = Release|x86
	EndGlobalSection
	GlobalSection(ProjectConfigurationPlatforms) = postSolution
		{B3027505-CC48-4817-9ACB-B76FA1346655}.Debug|x86.ActiveCfg = Debug|x86
		{B3027505-CC48-4817-9ACB-B76FA1346655}.Debug|x86.Build.0 = Debug|x86
		{B3027505-CC48-4817-9ACB-B76FA1346655}.Release|x86.ActiveCfg = Release|x86
		{B3027505-CC48-4817-9ACB-B76FA1346655}.Release|x86.Build.0 = Release|x86
		{EDFA755E-7159-4C17-998A-AF841B71B072}.Debug|x86.ActiveCfg = Debug|x86
		{EDFA755E-7159-4C17-998A-AF841B71B072}.Debug|x86.Build.0 = Debug|x86
		{EDFA755E-7159-4C17-998A-AF841B71B072}.Release|x86.ActiveCfg = Release|x86
		{EDFA755E-7159-4C17-998A-AF841B71B072}.Release|x86.Build.0 = Release|x86
		{392DC93D-AFCC-4977-9049-CCA0259271E4}.Debug|x86.ActiveCfg = Debug|x86
		{392DC93D-AFCC-4977-9049-CCA0259271E4}.Debug|x86.Build.0 = Debug|x86
		{392DC93D-AFCC-4977-9049-CCA0259271E4}.Release|x86.ActiveCfg = Release|x86
		{392DC93D-AFCC-4977-9049-CCA0259271E4}.Release|x86.Build.0 = Release|x86
		{7445F6A4-E15A-45FB-9975-7AFAB1240548}.Debug|x86.ActiveCfg = Debug|x86
		{7445F6A4-E15A-45FB-9975-7AFAB1240548}.Debug|x86.Build.0 = Debug|x86
		{7445F6A4-E15A-45FB-9975-7AFAB1240548}.Release|x86.ActiveCfg = Release|x86
		{7445F6A4-E15A-45FB-9975-7AFAB1240548}.Release|x86.Build.0 = Release|x86
		{63CB4EEB-D77A-4B6D-BF04-1A65F5F02DD8}.Debug|x86.ActiveCfg = Debug|x86
		{63CB4EEB-D77A-4B6D-BF04-1A65F5F02DD8}.Debug|x86.Build.0 = Debug|x86
		{63CB4EEB-D77A-4B6D-BF04-1A65F5F02DD8}.Release|x86.ActiveCfg = Release|x86
		{63CB4EEB-D77A-4B6D-BF04-1A65F5F02DD8}.Release|x86.Build.0 = Release|x86
		{9C71CC8F-86B8-4FCE-8825-7093020321FB}.Debug|x86.ActiveCfg = Debug|x86
		{9C71CC8F-86B8-4FCE-8825-7093020321FB}.Debug|x86.Build.0 = Debug|x86
		{9C71CC8F-86B8-4FCE-8825-7093020321FB}.Release|x86.ActiveCfg = Release|x86
		{9C71CC8F-86B8-4FCE-8825-7093020321FB}.Release|x86.Build.0 = Release|x86
	EndGlobalSection
EndGlobal
