
Microsoft Visual Studio Solution File, Format Version 12.00
# Visual Studio 15
Project("{FAE04EC0-301F-11D3-BF4B-00C04F79EFBC}") = "01_NumberInRange1_100", "01_NumberInRange1_100\01_NumberInRange1_100.csproj", "{6AB418E0-842B-4B29-AE40-78292A122EB9}"
EndProject
Project("{FAE04EC0-301F-11D3-BF4B-00C04F79EFBC}") = "02_Graduation", "02_Graduation\02_Graduation.csproj", "{D8A05D32-A7FE-4431-9AF9-81D2D689FA0D}"
EndProject
Project("{FAE04EC0-301F-11D3-BF4B-00C04F79EFBC}") = "03_GraduationPartII", "03_GraduationPartII\03_GraduationPartII.csproj", "{CA38EA26-1335-449D-AE94-AF31F6FB83AE}"
EndProject
Project("{FAE04EC0-301F-11D3-BF4B-00C04F79EFBC}") = "04_IntegerInRow", "04_IntegerInRow\04_IntegerInRow.csproj", "{3F2AFFFF-DFFE-4F1C-9879-82B07FCAB66F}"
EndProject
Project("{FAE04EC0-301F-11D3-BF4B-00C04F79EFBC}") = "05_Steps", "05_Steps\05_Steps.csproj", "{D2BFD827-2194-4FC6-AC3C-F5D26F7A547D}"
EndProject
Project("{FAE04EC0-301F-11D3-BF4B-00C04F79EFBC}") = "06_AccountBalance", "06_AccountBalance\06_AccountBalance.csproj", "{71860639-5C92-415D-95FF-71385E1E7E3B}"
EndProject
Project("{FAE04EC0-301F-11D3-BF4B-00C04F79EFBC}") = "07_GlassWithWater", "07_GlassWithWater\07_GlassWithWater.csproj", "{2CC01592-EE6A-4585-8B5F-9D41B7423076}"
EndProject
Project("{FAE04EC0-301F-11D3-BF4B-00C04F79EFBC}") = "08_NumbersInRow", "08_NumbersInRow\08_NumbersInRow.csproj", "{EB7CFB57-1C07-43B9-9852-A30E430A995C}"
EndProject
Project("{FAE04EC0-301F-11D3-BF4B-00C04F79EFBC}") = "09_Moving", "09_Moving\09_Moving.csproj", "{2E7F7A25-DC5F-45E6-9255-0F98E7A6D957}"
EndProject
Global
	GlobalSection(SolutionConfigurationPlatforms) = preSolution
		Debug|x86 = Debug|x86
		Release|x86 = Release|x86
	EndGlobalSection
	GlobalSection(ProjectConfigurationPlatforms) = postSolution
		{6AB418E0-842B-4B29-AE40-78292A122EB9}.Debug|x86.ActiveCfg = Debug|x86
		{6AB418E0-842B-4B29-AE40-78292A122EB9}.Debug|x86.Build.0 = Debug|x86
		{6AB418E0-842B-4B29-AE40-78292A122EB9}.Release|x86.ActiveCfg = Release|x86
		{6AB418E0-842B-4B29-AE40-78292A122EB9}.Release|x86.Build.0 = Release|x86
		{D8A05D32-A7FE-4431-9AF9-81D2D689FA0D}.Debug|x86.ActiveCfg = Debug|Any CPU
		{D8A05D32-A7FE-4431-9AF9-81D2D689FA0D}.Debug|x86.Build.0 = Debug|Any CPU
		{D8A05D32-A7FE-4431-9AF9-81D2D689FA0D}.Release|x86.ActiveCfg = Release|Any CPU
		{D8A05D32-A7FE-4431-9AF9-81D2D689FA0D}.Release|x86.Build.0 = Release|Any CPU
		{CA38EA26-1335-449D-AE94-AF31F6FB83AE}.Debug|x86.ActiveCfg = Debug|Any CPU
		{CA38EA26-1335-449D-AE94-AF31F6FB83AE}.Debug|x86.Build.0 = Debug|Any CPU
		{CA38EA26-1335-449D-AE94-AF31F6FB83AE}.Release|x86.ActiveCfg = Release|Any CPU
		{CA38EA26-1335-449D-AE94-AF31F6FB83AE}.Release|x86.Build.0 = Release|Any CPU
		{3F2AFFFF-DFFE-4F1C-9879-82B07FCAB66F}.Debug|x86.ActiveCfg = Debug|Any CPU
		{3F2AFFFF-DFFE-4F1C-9879-82B07FCAB66F}.Debug|x86.Build.0 = Debug|Any CPU
		{3F2AFFFF-DFFE-4F1C-9879-82B07FCAB66F}.Release|x86.ActiveCfg = Release|Any CPU
		{3F2AFFFF-DFFE-4F1C-9879-82B07FCAB66F}.Release|x86.Build.0 = Release|Any CPU
		{D2BFD827-2194-4FC6-AC3C-F5D26F7A547D}.Debug|x86.ActiveCfg = Debug|Any CPU
		{D2BFD827-2194-4FC6-AC3C-F5D26F7A547D}.Debug|x86.Build.0 = Debug|Any CPU
		{D2BFD827-2194-4FC6-AC3C-F5D26F7A547D}.Release|x86.ActiveCfg = Release|Any CPU
		{D2BFD827-2194-4FC6-AC3C-F5D26F7A547D}.Release|x86.Build.0 = Release|Any CPU
		{71860639-5C92-415D-95FF-71385E1E7E3B}.Debug|x86.ActiveCfg = Debug|Any CPU
		{71860639-5C92-415D-95FF-71385E1E7E3B}.Debug|x86.Build.0 = Debug|Any CPU
		{71860639-5C92-415D-95FF-71385E1E7E3B}.Release|x86.ActiveCfg = Release|Any CPU
		{71860639-5C92-415D-95FF-71385E1E7E3B}.Release|x86.Build.0 = Release|Any CPU
		{2CC01592-EE6A-4585-8B5F-9D41B7423076}.Debug|x86.ActiveCfg = Debug|Any CPU
		{2CC01592-EE6A-4585-8B5F-9D41B7423076}.Debug|x86.Build.0 = Debug|Any CPU
		{2CC01592-EE6A-4585-8B5F-9D41B7423076}.Release|x86.ActiveCfg = Release|Any CPU
		{2CC01592-EE6A-4585-8B5F-9D41B7423076}.Release|x86.Build.0 = Release|Any CPU
		{EB7CFB57-1C07-43B9-9852-A30E430A995C}.Debug|x86.ActiveCfg = Debug|Any CPU
		{EB7CFB57-1C07-43B9-9852-A30E430A995C}.Debug|x86.Build.0 = Debug|Any CPU
		{EB7CFB57-1C07-43B9-9852-A30E430A995C}.Release|x86.ActiveCfg = Release|Any CPU
		{EB7CFB57-1C07-43B9-9852-A30E430A995C}.Release|x86.Build.0 = Release|Any CPU
		{2E7F7A25-DC5F-45E6-9255-0F98E7A6D957}.Debug|x86.ActiveCfg = Debug|Any CPU
		{2E7F7A25-DC5F-45E6-9255-0F98E7A6D957}.Debug|x86.Build.0 = Debug|Any CPU
		{2E7F7A25-DC5F-45E6-9255-0F98E7A6D957}.Release|x86.ActiveCfg = Release|Any CPU
		{2E7F7A25-DC5F-45E6-9255-0F98E7A6D957}.Release|x86.Build.0 = Release|Any CPU
	EndGlobalSection
EndGlobal
