
Microsoft Visual Studio Solution File, Format Version 12.00
# Visual Studio 15
Project("{FAE04EC0-301F-11D3-BF4B-00C04F79EFBC}") = "01.SumSeconds", "01.SumSeconds\01.SumSeconds.csproj", "{0EB1A68D-DF90-4A7E-8183-FD6EA298B9BA}"
EndProject
Project("{FAE04EC0-301F-11D3-BF4B-00C04F79EFBC}") = "02.BonusScore", "02.BonusScore\02.BonusScore.csproj", "{91AEFA97-E985-41F1-BCEE-E0AC53A356A0}"
EndProject
Project("{FAE04EC0-301F-11D3-BF4B-00C04F79EFBC}") = "03.SpeedInfo", "03.SpeedInfo\03.SpeedInfo.csproj", "{612A716A-F865-400B-AE8A-45B4552AEB98}"
EndProject
Project("{FAE04EC0-301F-11D3-BF4B-00C04F79EFBC}") = "04MetricConverter", "04MetricConverter\04MetricConverter.csproj", "{35EC7F8F-B993-460B-85C8-AF9BA93E8A64}"
EndProject
Project("{FAE04EC0-301F-11D3-BF4B-00C04F79EFBC}") = "05Time_15Minutes", "05Time_15Minutes\05Time_15Minutes.csproj", "{C3F59FE6-AE14-4B0A-A34A-3FCDA5CFB35C}"
EndProject
Project("{FAE04EC0-301F-11D3-BF4B-00C04F79EFBC}") = "06ThreeBrothers", "06ThreeBrothers\06ThreeBrothers.csproj", "{7A574214-6D84-4C81-86C9-BFDE4BC077BD}"
EndProject
Project("{FAE04EC0-301F-11D3-BF4B-00C04F79EFBC}") = "08Choreography", "08Choreography\08Choreography.csproj", "{A7C440B6-39D4-4EEC-B6A8-96885E3C2157}"
EndProject
Project("{FAE04EC0-301F-11D3-BF4B-00C04F79EFBC}") = "07Scholarship", "07Scholarship\07Scholarship.csproj", "{AE1169BB-2E8A-401C-A1EB-1D119841E0F3}"
EndProject
Project("{FAE04EC0-301F-11D3-BF4B-00C04F79EFBC}") = "09WorldSwimmingRecord", "09WorldSwimmingRecord\09WorldSwimmingRecord.csproj", "{0D028535-75E5-411C-B6A3-E65A55604F25}"
EndProject
Global
	GlobalSection(SolutionConfigurationPlatforms) = preSolution
		Debug|x86 = Debug|x86
		Release|x86 = Release|x86
	EndGlobalSection
	GlobalSection(ProjectConfigurationPlatforms) = postSolution
		{0EB1A68D-DF90-4A7E-8183-FD6EA298B9BA}.Debug|x86.ActiveCfg = Debug|x86
		{0EB1A68D-DF90-4A7E-8183-FD6EA298B9BA}.Debug|x86.Build.0 = Debug|x86
		{0EB1A68D-DF90-4A7E-8183-FD6EA298B9BA}.Release|x86.ActiveCfg = Release|x86
		{0EB1A68D-DF90-4A7E-8183-FD6EA298B9BA}.Release|x86.Build.0 = Release|x86
		{91AEFA97-E985-41F1-BCEE-E0AC53A356A0}.Debug|x86.ActiveCfg = Debug|x86
		{91AEFA97-E985-41F1-BCEE-E0AC53A356A0}.Debug|x86.Build.0 = Debug|x86
		{91AEFA97-E985-41F1-BCEE-E0AC53A356A0}.Release|x86.ActiveCfg = Release|x86
		{91AEFA97-E985-41F1-BCEE-E0AC53A356A0}.Release|x86.Build.0 = Release|x86
		{612A716A-F865-400B-AE8A-45B4552AEB98}.Debug|x86.ActiveCfg = Debug|x86
		{612A716A-F865-400B-AE8A-45B4552AEB98}.Debug|x86.Build.0 = Debug|x86
		{612A716A-F865-400B-AE8A-45B4552AEB98}.Release|x86.ActiveCfg = Release|x86
		{612A716A-F865-400B-AE8A-45B4552AEB98}.Release|x86.Build.0 = Release|x86
		{35EC7F8F-B993-460B-85C8-AF9BA93E8A64}.Debug|x86.ActiveCfg = Debug|x86
		{35EC7F8F-B993-460B-85C8-AF9BA93E8A64}.Debug|x86.Build.0 = Debug|x86
		{35EC7F8F-B993-460B-85C8-AF9BA93E8A64}.Release|x86.ActiveCfg = Release|x86
		{35EC7F8F-B993-460B-85C8-AF9BA93E8A64}.Release|x86.Build.0 = Release|x86
		{C3F59FE6-AE14-4B0A-A34A-3FCDA5CFB35C}.Debug|x86.ActiveCfg = Debug|x86
		{C3F59FE6-AE14-4B0A-A34A-3FCDA5CFB35C}.Debug|x86.Build.0 = Debug|x86
		{C3F59FE6-AE14-4B0A-A34A-3FCDA5CFB35C}.Release|x86.ActiveCfg = Release|x86
		{C3F59FE6-AE14-4B0A-A34A-3FCDA5CFB35C}.Release|x86.Build.0 = Release|x86
		{7A574214-6D84-4C81-86C9-BFDE4BC077BD}.Debug|x86.ActiveCfg = Debug|x86
		{7A574214-6D84-4C81-86C9-BFDE4BC077BD}.Debug|x86.Build.0 = Debug|x86
		{7A574214-6D84-4C81-86C9-BFDE4BC077BD}.Release|x86.ActiveCfg = Release|x86
		{7A574214-6D84-4C81-86C9-BFDE4BC077BD}.Release|x86.Build.0 = Release|x86
		{A7C440B6-39D4-4EEC-B6A8-96885E3C2157}.Debug|x86.ActiveCfg = Debug|x86
		{A7C440B6-39D4-4EEC-B6A8-96885E3C2157}.Debug|x86.Build.0 = Debug|x86
		{A7C440B6-39D4-4EEC-B6A8-96885E3C2157}.Release|x86.ActiveCfg = Release|x86
		{A7C440B6-39D4-4EEC-B6A8-96885E3C2157}.Release|x86.Build.0 = Release|x86
		{AE1169BB-2E8A-401C-A1EB-1D119841E0F3}.Debug|x86.ActiveCfg = Debug|x86
		{AE1169BB-2E8A-401C-A1EB-1D119841E0F3}.Debug|x86.Build.0 = Debug|x86
		{AE1169BB-2E8A-401C-A1EB-1D119841E0F3}.Release|x86.ActiveCfg = Release|x86
		{AE1169BB-2E8A-401C-A1EB-1D119841E0F3}.Release|x86.Build.0 = Release|x86
		{0D028535-75E5-411C-B6A3-E65A55604F25}.Debug|x86.ActiveCfg = Debug|x86
		{0D028535-75E5-411C-B6A3-E65A55604F25}.Debug|x86.Build.0 = Debug|x86
		{0D028535-75E5-411C-B6A3-E65A55604F25}.Release|x86.ActiveCfg = Release|x86
		{0D028535-75E5-411C-B6A3-E65A55604F25}.Release|x86.Build.0 = Release|x86
	EndGlobalSection
EndGlobal
