
Microsoft Visual Studio Solution File, Format Version 12.00
# Visual Studio 15
Project("{FAE04EC0-301F-11D3-BF4B-00C04F79EFBC}") = "01NumbersEndingIn7", "01NumbersEndingIn7\01NumbersEndingIn7.csproj", "{1D61D1EA-5098-49B5-A4C8-5D966AA81D4C}"
EndProject
Project("{FAE04EC0-301F-11D3-BF4B-00C04F79EFBC}") = "02HalfSumElement", "02HalfSumElement\02HalfSumElement.csproj", "{04BF27E2-6D96-4D07-82F0-F9BAAC90D853}"
EndProject
Project("{FAE04EC0-301F-11D3-BF4B-00C04F79EFBC}") = "03OddEvenPosition", "03OddEvenPosition\03OddEvenPosition.csproj", "{5F88B039-81A5-4628-A9C6-95EFFCC6132E}"
EndProject
Project("{FAE04EC0-301F-11D3-BF4B-00C04F79EFBC}") = "04EqualPairs", "04EqualPairs\04EqualPairs.csproj", "{CEA4BAA6-AE4C-4BCE-B02D-B3AC8A47FF52}"
EndProject
Project("{FAE04EC0-301F-11D3-BF4B-00C04F79EFBC}") = "05Histogram", "05Histogram\05Histogram.csproj", "{54631FAB-4DD5-415A-9CE6-0F2181791816}"
EndProject
Project("{FAE04EC0-301F-11D3-BF4B-00C04F79EFBC}") = "06DivideWithoutRemainder", "06DivideWithoutRemainder\06DivideWithoutRemainder.csproj", "{69393AFF-7D20-4881-AF51-31574F43EDB2}"
EndProject
Project("{FAE04EC0-301F-11D3-BF4B-00C04F79EFBC}") = "07Salary", "07Salary\07Salary.csproj", "{9FD04680-8375-4CAF-840E-48C0A3DCB54C}"
EndProject
Global
	GlobalSection(SolutionConfigurationPlatforms) = preSolution
		Debug|x86 = Debug|x86
		Release|x86 = Release|x86
	EndGlobalSection
	GlobalSection(ProjectConfigurationPlatforms) = postSolution
		{1D61D1EA-5098-49B5-A4C8-5D966AA81D4C}.Debug|x86.ActiveCfg = Debug|x86
		{1D61D1EA-5098-49B5-A4C8-5D966AA81D4C}.Debug|x86.Build.0 = Debug|x86
		{1D61D1EA-5098-49B5-A4C8-5D966AA81D4C}.Release|x86.ActiveCfg = Release|x86
		{1D61D1EA-5098-49B5-A4C8-5D966AA81D4C}.Release|x86.Build.0 = Release|x86
		{04BF27E2-6D96-4D07-82F0-F9BAAC90D853}.Debug|x86.ActiveCfg = Debug|x86
		{04BF27E2-6D96-4D07-82F0-F9BAAC90D853}.Debug|x86.Build.0 = Debug|x86
		{04BF27E2-6D96-4D07-82F0-F9BAAC90D853}.Release|x86.ActiveCfg = Release|x86
		{04BF27E2-6D96-4D07-82F0-F9BAAC90D853}.Release|x86.Build.0 = Release|x86
		{5F88B039-81A5-4628-A9C6-95EFFCC6132E}.Debug|x86.ActiveCfg = Debug|x86
		{5F88B039-81A5-4628-A9C6-95EFFCC6132E}.Debug|x86.Build.0 = Debug|x86
		{5F88B039-81A5-4628-A9C6-95EFFCC6132E}.Release|x86.ActiveCfg = Release|x86
		{5F88B039-81A5-4628-A9C6-95EFFCC6132E}.Release|x86.Build.0 = Release|x86
		{CEA4BAA6-AE4C-4BCE-B02D-B3AC8A47FF52}.Debug|x86.ActiveCfg = Debug|x86
		{CEA4BAA6-AE4C-4BCE-B02D-B3AC8A47FF52}.Debug|x86.Build.0 = Debug|x86
		{CEA4BAA6-AE4C-4BCE-B02D-B3AC8A47FF52}.Release|x86.ActiveCfg = Release|x86
		{CEA4BAA6-AE4C-4BCE-B02D-B3AC8A47FF52}.Release|x86.Build.0 = Release|x86
		{54631FAB-4DD5-415A-9CE6-0F2181791816}.Debug|x86.ActiveCfg = Debug|x86
		{54631FAB-4DD5-415A-9CE6-0F2181791816}.Debug|x86.Build.0 = Debug|x86
		{54631FAB-4DD5-415A-9CE6-0F2181791816}.Release|x86.ActiveCfg = Release|x86
		{54631FAB-4DD5-415A-9CE6-0F2181791816}.Release|x86.Build.0 = Release|x86
		{69393AFF-7D20-4881-AF51-31574F43EDB2}.Debug|x86.ActiveCfg = Debug|x86
		{69393AFF-7D20-4881-AF51-31574F43EDB2}.Debug|x86.Build.0 = Debug|x86
		{69393AFF-7D20-4881-AF51-31574F43EDB2}.Release|x86.ActiveCfg = Release|x86
		{69393AFF-7D20-4881-AF51-31574F43EDB2}.Release|x86.Build.0 = Release|x86
		{9FD04680-8375-4CAF-840E-48C0A3DCB54C}.Debug|x86.ActiveCfg = Debug|x86
		{9FD04680-8375-4CAF-840E-48C0A3DCB54C}.Debug|x86.Build.0 = Debug|x86
		{9FD04680-8375-4CAF-840E-48C0A3DCB54C}.Release|x86.ActiveCfg = Release|x86
		{9FD04680-8375-4CAF-840E-48C0A3DCB54C}.Release|x86.Build.0 = Release|x86
	EndGlobalSection
EndGlobal
