
Microsoft Visual Studio Solution File, Format Version 12.00
# Visual Studio 15
Project("{FAE04EC0-301F-11D3-BF4B-00C04F79EFBC}") = "Lab", "Lab\Lab.csproj", "{4CBFBEF5-5FEA-4C72-B584-8EECFCA21F68}"
EndProject
Project("{FAE04EC0-301F-11D3-BF4B-00C04F79EFBC}") = "Lab01ExcellentResult", "Lab3\Lab01ExcellentResult.csproj", "{B0C3C6F3-3D4C-4966-A15B-9B0EB93CAA51}"
EndProject
Project("{FAE04EC0-301F-11D3-BF4B-00C04F79EFBC}") = "Lab02EvenOrOdd", "Lab02EvenOrOdd\Lab02EvenOrOdd.csproj", "{3C1514B1-DC94-4B6E-B8B7-C59393FFB5BB}"
EndProject
Project("{FAE04EC0-301F-11D3-BF4B-00C04F79EFBC}") = "Lab03GreaterNumber", "Lab03GreaterNumber\Lab03GreaterNumber.csproj", "{119BAC53-46FA-4153-9582-4B97867A0A26}"
EndProject
Project("{FAE04EC0-301F-11D3-BF4B-00C04F79EFBC}") = "Lab04Number1_9toText", "Lab04Number1_9toText\Lab04Number1_9toText.csproj", "{9A08527A-EEA5-492B-A013-2CE8D69F10C8}"
EndProject
Project("{FAE04EC0-301F-11D3-BF4B-00C04F79EFBC}") = "Lab05PasswordGuess", "Lab05PasswordGuess\Lab05PasswordGuess.csproj", "{1859D8C7-A7FE-4AD1-92B3-0FDEE6B6C6AC}"
EndProject
Project("{FAE04EC0-301F-11D3-BF4B-00C04F79EFBC}") = "Lab06Number100_200", "Lab06Number100_200\Lab06Number100_200.csproj", "{5D645C70-8524-4374-95F4-E6F18A6C67AA}"
EndProject
Project("{FAE04EC0-301F-11D3-BF4B-00C04F79EFBC}") = "Lab07EqualWords", "Lab07EqualWords\Lab07EqualWords.csproj", "{462F622C-89F5-4C53-BF7F-90A9B0E88684}"
EndProject
Project("{FAE04EC0-301F-11D3-BF4B-00C04F79EFBC}") = "Lab08AreaOfFigures", "Lab08AreaOfFigures\Lab08AreaOfFigures.csproj", "{5D1F9DD4-C379-4562-84D5-DE6429ECF867}"
EndProject
Project("{FAE04EC0-301F-11D3-BF4B-00C04F79EFBC}") = "Lab09_3EqualNumbers", "Lab09_3EqualNumbers\Lab09_3EqualNumbers.csproj", "{F420592C-E128-487B-BA5F-CA29C774598C}"
EndProject
Project("{FAE04EC0-301F-11D3-BF4B-00C04F79EFBC}") = "Lab10ToyShop", "Lab10ToyShop\Lab10ToyShop.csproj", "{7C2952FB-9697-428D-90B1-4BE0DCC8C517}"
EndProject
Global
	GlobalSection(SolutionConfigurationPlatforms) = preSolution
		Debug|x86 = Debug|x86
		Release|x86 = Release|x86
	EndGlobalSection
	GlobalSection(ProjectConfigurationPlatforms) = postSolution
		{4CBFBEF5-5FEA-4C72-B584-8EECFCA21F68}.Debug|x86.ActiveCfg = Debug|x86
		{4CBFBEF5-5FEA-4C72-B584-8EECFCA21F68}.Debug|x86.Build.0 = Debug|x86
		{4CBFBEF5-5FEA-4C72-B584-8EECFCA21F68}.Release|x86.ActiveCfg = Release|x86
		{4CBFBEF5-5FEA-4C72-B584-8EECFCA21F68}.Release|x86.Build.0 = Release|x86
		{B0C3C6F3-3D4C-4966-A15B-9B0EB93CAA51}.Debug|x86.ActiveCfg = Debug|x86
		{B0C3C6F3-3D4C-4966-A15B-9B0EB93CAA51}.Debug|x86.Build.0 = Debug|x86
		{B0C3C6F3-3D4C-4966-A15B-9B0EB93CAA51}.Release|x86.ActiveCfg = Release|x86
		{B0C3C6F3-3D4C-4966-A15B-9B0EB93CAA51}.Release|x86.Build.0 = Release|x86
		{3C1514B1-DC94-4B6E-B8B7-C59393FFB5BB}.Debug|x86.ActiveCfg = Debug|x86
		{3C1514B1-DC94-4B6E-B8B7-C59393FFB5BB}.Debug|x86.Build.0 = Debug|x86
		{3C1514B1-DC94-4B6E-B8B7-C59393FFB5BB}.Release|x86.ActiveCfg = Release|x86
		{3C1514B1-DC94-4B6E-B8B7-C59393FFB5BB}.Release|x86.Build.0 = Release|x86
		{119BAC53-46FA-4153-9582-4B97867A0A26}.Debug|x86.ActiveCfg = Debug|x86
		{119BAC53-46FA-4153-9582-4B97867A0A26}.Debug|x86.Build.0 = Debug|x86
		{119BAC53-46FA-4153-9582-4B97867A0A26}.Release|x86.ActiveCfg = Release|x86
		{119BAC53-46FA-4153-9582-4B97867A0A26}.Release|x86.Build.0 = Release|x86
		{9A08527A-EEA5-492B-A013-2CE8D69F10C8}.Debug|x86.ActiveCfg = Debug|x86
		{9A08527A-EEA5-492B-A013-2CE8D69F10C8}.Debug|x86.Build.0 = Debug|x86
		{9A08527A-EEA5-492B-A013-2CE8D69F10C8}.Release|x86.ActiveCfg = Release|x86
		{9A08527A-EEA5-492B-A013-2CE8D69F10C8}.Release|x86.Build.0 = Release|x86
		{1859D8C7-A7FE-4AD1-92B3-0FDEE6B6C6AC}.Debug|x86.ActiveCfg = Debug|x86
		{1859D8C7-A7FE-4AD1-92B3-0FDEE6B6C6AC}.Debug|x86.Build.0 = Debug|x86
		{1859D8C7-A7FE-4AD1-92B3-0FDEE6B6C6AC}.Release|x86.ActiveCfg = Release|x86
		{1859D8C7-A7FE-4AD1-92B3-0FDEE6B6C6AC}.Release|x86.Build.0 = Release|x86
		{5D645C70-8524-4374-95F4-E6F18A6C67AA}.Debug|x86.ActiveCfg = Debug|x86
		{5D645C70-8524-4374-95F4-E6F18A6C67AA}.Debug|x86.Build.0 = Debug|x86
		{5D645C70-8524-4374-95F4-E6F18A6C67AA}.Release|x86.ActiveCfg = Release|x86
		{5D645C70-8524-4374-95F4-E6F18A6C67AA}.Release|x86.Build.0 = Release|x86
		{462F622C-89F5-4C53-BF7F-90A9B0E88684}.Debug|x86.ActiveCfg = Debug|x86
		{462F622C-89F5-4C53-BF7F-90A9B0E88684}.Debug|x86.Build.0 = Debug|x86
		{462F622C-89F5-4C53-BF7F-90A9B0E88684}.Release|x86.ActiveCfg = Release|x86
		{462F622C-89F5-4C53-BF7F-90A9B0E88684}.Release|x86.Build.0 = Release|x86
		{5D1F9DD4-C379-4562-84D5-DE6429ECF867}.Debug|x86.ActiveCfg = Debug|x86
		{5D1F9DD4-C379-4562-84D5-DE6429ECF867}.Debug|x86.Build.0 = Debug|x86
		{5D1F9DD4-C379-4562-84D5-DE6429ECF867}.Release|x86.ActiveCfg = Release|x86
		{5D1F9DD4-C379-4562-84D5-DE6429ECF867}.Release|x86.Build.0 = Release|x86
		{F420592C-E128-487B-BA5F-CA29C774598C}.Debug|x86.ActiveCfg = Debug|x86
		{F420592C-E128-487B-BA5F-CA29C774598C}.Debug|x86.Build.0 = Debug|x86
		{F420592C-E128-487B-BA5F-CA29C774598C}.Release|x86.ActiveCfg = Release|x86
		{F420592C-E128-487B-BA5F-CA29C774598C}.Release|x86.Build.0 = Release|x86
		{7C2952FB-9697-428D-90B1-4BE0DCC8C517}.Debug|x86.ActiveCfg = Debug|x86
		{7C2952FB-9697-428D-90B1-4BE0DCC8C517}.Debug|x86.Build.0 = Debug|x86
		{7C2952FB-9697-428D-90B1-4BE0DCC8C517}.Release|x86.ActiveCfg = Release|x86
		{7C2952FB-9697-428D-90B1-4BE0DCC8C517}.Release|x86.Build.0 = Release|x86
	EndGlobalSection
EndGlobal
